
Microsoft Visual Studio Solution File, Format Version 12.00
# Visual Studio Version 17
VisualStudioVersion = 17.3.32901.215
MinimumVisualStudioVersion = 10.0.40219.1
Project("{FAE04EC0-301F-11D3-BF4B-00C04F79EFBC}") = "Сalculation", "Сalculation\Сalculation.csproj", "{231E18E3-C124-4272-9501-73CEC8E2FDD0}"
EndProject
Project("{FAE04EC0-301F-11D3-BF4B-00C04F79EFBC}") = "Calculation.Tests", "Calculation.Tests\Calculation.Tests.csproj", "{F211188B-C8EE-4640-886C-B86C27964CC4}"
EndProject
Global
	GlobalSection(SolutionConfigurationPlatforms) = preSolution
		Debug|Any CPU = Debug|Any CPU
		Release|Any CPU = Release|Any CPU
	EndGlobalSection
	GlobalSection(ProjectConfigurationPlatforms) = postSolution
		{231E18E3-C124-4272-9501-73CEC8E2FDD0}.Debug|Any CPU.ActiveCfg = Debug|Any CPU
		{231E18E3-C124-4272-9501-73CEC8E2FDD0}.Debug|Any CPU.Build.0 = Debug|Any CPU
		{231E18E3-C124-4272-9501-73CEC8E2FDD0}.Release|Any CPU.ActiveCfg = Release|Any CPU
		{231E18E3-C124-4272-9501-73CEC8E2FDD0}.Release|Any CPU.Build.0 = Release|Any CPU
		{F211188B-C8EE-4640-886C-B86C27964CC4}.Debug|Any CPU.ActiveCfg = Debug|Any CPU
		{F211188B-C8EE-4640-886C-B86C27964CC4}.Debug|Any CPU.Build.0 = Debug|Any CPU
		{F211188B-C8EE-4640-886C-B86C27964CC4}.Release|Any CPU.ActiveCfg = Release|Any CPU
		{F211188B-C8EE-4640-886C-B86C27964CC4}.Release|Any CPU.Build.0 = Release|Any CPU
	EndGlobalSection
	GlobalSection(SolutionProperties) = preSolution
		HideSolutionNode = FALSE
	EndGlobalSection
	GlobalSection(ExtensibilityGlobals) = postSolution
		SolutionGuid = {5110EEC7-414D-4791-99D2-719EED2C4EEE}
	EndGlobalSection
EndGlobal
